
Microsoft Visual Studio Solution File, Format Version 12.00
# Visual Studio Version 18
VisualStudioVersion = 18.1.11304.174
MinimumVisualStudioVersion = 10.0.40219.1
Project("{2150E333-8FDC-42A3-9474-1A3956D46DE8}") = "src", "src", "{827E0CD3-B72D-47B6-A68D-7590B98EB39B}"
EndProject
Project("{FAE04EC0-301F-11D3-BF4B-00C04F79EFBC}") = "OgmaLibrary.App", "src\OgmaLibrary.App\OgmaLibrary.App.csproj", "{2820970D-483C-4F57-9549-72FC568C967E}"
EndProject
Project("{FAE04EC0-301F-11D3-BF4B-00C04F79EFBC}") = "OgmaLibrary.Application", "src\OgmaLibrary.Application\OgmaLibrary.Application.csproj", "{4B502346-5677-40BF-9BDD-48298C80BDFF}"
EndProject
Project("{FAE04EC0-301F-11D3-BF4B-00C04F79EFBC}") = "OgmaLibrary.Bookshelf3D", "src\OgmaLibrary.Bookshelf3D\OgmaLibrary.Bookshelf3D.csproj", "{33C8F298-0FE1-4709-9F4B-2C7773C48E46}"
EndProject
Project("{FAE04EC0-301F-11D3-BF4B-00C04F79EFBC}") = "OgmaLibrary.Domain", "src\OgmaLibrary.Domain\OgmaLibrary.Domain.csproj", "{99D79C07-B425-49EC-96F2-9293437211E8}"
EndProject
Project("{FAE04EC0-301F-11D3-BF4B-00C04F79EFBC}") = "OgmaLibrary.Infrastructure", "src\OgmaLibrary.Infrastructure\OgmaLibrary.Infrastructure.csproj", "{CDD6B3D3-FF09-4FE9-80A3-63EAD42EAC1D}"
EndProject
Project("{FAE04EC0-301F-11D3-BF4B-00C04F79EFBC}") = "OgmaLibrary.Reader", "src\OgmaLibrary.Reader\OgmaLibrary.Reader.csproj", "{D183F3A6-E7D2-41B1-8A79-EDB352AA47C2}"
EndProject
Project("{FAE04EC0-301F-11D3-BF4B-00C04F79EFBC}") = "OgmaLibrary.Workers", "src\OgmaLibrary.Workers\OgmaLibrary.Workers.csproj", "{DB862C96-D844-4BA3-8B70-95EADE080264}"
EndProject
Project("{2150E333-8FDC-42A3-9474-1A3956D46DE8}") = "tests", "tests", "{0AB3BF05-4346-4AA6-1389-037BE0695223}"
EndProject
Project("{FAE04EC0-301F-11D3-BF4B-00C04F79EFBC}") = "OgmaLibrary.Tests.Architecture", "tests\OgmaLibrary.Tests.Architecture\OgmaLibrary.Tests.Architecture.csproj", "{439C3FC7-C9D6-433F-B0D1-96F2DA59A538}"
EndProject
Project("{FAE04EC0-301F-11D3-BF4B-00C04F79EFBC}") = "OgmaLibrary.Tests", "tests\OgmaLibrary.Tests\OgmaLibrary.Tests.csproj", "{59ADE47E-9906-4EB0-B902-72C746E36ED5}"
EndProject
Project("{FAE04EC0-301F-11D3-BF4B-00C04F79EFBC}") = "OgmaLibrary.Tests.Ui", "tests\OgmaLibrary.Tests.Ui\OgmaLibrary.Tests.Ui.csproj", "{A480EF93-AFE3-4BEC-BD56-278FBAD7DAEB}"
EndProject
Global
	GlobalSection(SolutionConfigurationPlatforms) = preSolution
		Debug|Any CPU = Debug|Any CPU
		Debug|x64 = Debug|x64
		Debug|x86 = Debug|x86
		Release|Any CPU = Release|Any CPU
		Release|x64 = Release|x64
		Release|x86 = Release|x86
	EndGlobalSection
	GlobalSection(ProjectConfigurationPlatforms) = postSolution
		{2820970D-483C-4F57-9549-72FC568C967E}.Debug|Any CPU.ActiveCfg = Debug|Any CPU
		{2820970D-483C-4F57-9549-72FC568C967E}.Debug|Any CPU.Build.0 = Debug|Any CPU
		{2820970D-483C-4F57-9549-72FC568C967E}.Debug|x64.ActiveCfg = Debug|Any CPU
		{2820970D-483C-4F57-9549-72FC568C967E}.Debug|x64.Build.0 = Debug|Any CPU
		{2820970D-483C-4F57-9549-72FC568C967E}.Debug|x86.ActiveCfg = Debug|Any CPU
		{2820970D-483C-4F57-9549-72FC568C967E}.Debug|x86.Build.0 = Debug|Any CPU
		{2820970D-483C-4F57-9549-72FC568C967E}.Release|Any CPU.ActiveCfg = Release|Any CPU
		{2820970D-483C-4F57-9549-72FC568C967E}.Release|Any CPU.Build.0 = Release|Any CPU
		{2820970D-483C-4F57-9549-72FC568C967E}.Release|x64.ActiveCfg = Release|Any CPU
		{2820970D-483C-4F57-9549-72FC568C967E}.Release|x64.Build.0 = Release|Any CPU
		{2820970D-483C-4F57-9549-72FC568C967E}.Release|x86.ActiveCfg = Release|Any CPU
		{2820970D-483C-4F57-9549-72FC568C967E}.Release|x86.Build.0 = Release|Any CPU
		{4B502346-5677-40BF-9BDD-48298C80BDFF}.Debug|Any CPU.ActiveCfg = Debug|Any CPU
		{4B502346-5677-40BF-9BDD-48298C80BDFF}.Debug|Any CPU.Build.0 = Debug|Any CPU
		{4B502346-5677-40BF-9BDD-48298C80BDFF}.Debug|x64.ActiveCfg = Debug|Any CPU
		{4B502346-5677-40BF-9BDD-48298C80BDFF}.Debug|x64.Build.0 = Debug|Any CPU
		{4B502346-5677-40BF-9BDD-48298C80BDFF}.Debug|x86.ActiveCfg = Debug|Any CPU
		{4B502346-5677-40BF-9BDD-48298C80BDFF}.Debug|x86.Build.0 = Debug|Any CPU
		{4B502346-5677-40BF-9BDD-48298C80BDFF}.Release|Any CPU.ActiveCfg = Release|Any CPU
		{4B502346-5677-40BF-9BDD-48298C80BDFF}.Release|Any CPU.Build.0 = Release|Any CPU
		{4B502346-5677-40BF-9BDD-48298C80BDFF}.Release|x64.ActiveCfg = Release|Any CPU
		{4B502346-5677-40BF-9BDD-48298C80BDFF}.Release|x64.Build.0 = Release|Any CPU
		{4B502346-5677-40BF-9BDD-48298C80BDFF}.Release|x86.ActiveCfg = Release|Any CPU
		{4B502346-5677-40BF-9BDD-48298C80BDFF}.Release|x86.Build.0 = Release|Any CPU
		{33C8F298-0FE1-4709-9F4B-2C7773C48E46}.Debug|Any CPU.ActiveCfg = Debug|Any CPU
		{33C8F298-0FE1-4709-9F4B-2C7773C48E46}.Debug|Any CPU.Build.0 = Debug|Any CPU
		{33C8F298-0FE1-4709-9F4B-2C7773C48E46}.Debug|x64.ActiveCfg = Debug|Any CPU
		{33C8F298-0FE1-4709-9F4B-2C7773C48E46}.Debug|x64.Build.0 = Debug|Any CPU
		{33C8F298-0FE1-4709-9F4B-2C7773C48E46}.Debug|x86.ActiveCfg = Debug|Any CPU
		{33C8F298-0FE1-4709-9F4B-2C7773C48E46}.Debug|x86.Build.0 = Debug|Any CPU
		{33C8F298-0FE1-4709-9F4B-2C7773C48E46}.Release|Any CPU.ActiveCfg = Release|Any CPU
		{33C8F298-0FE1-4709-9F4B-2C7773C48E46}.Release|Any CPU.Build.0 = Release|Any CPU
		{33C8F298-0FE1-4709-9F4B-2C7773C48E46}.Release|x64.ActiveCfg = Release|Any CPU
		{33C8F298-0FE1-4709-9F4B-2C7773C48E46}.Release|x64.Build.0 = Release|Any CPU
		{33C8F298-0FE1-4709-9F4B-2C7773C48E46}.Release|x86.ActiveCfg = Release|Any CPU
		{33C8F298-0FE1-4709-9F4B-2C7773C48E46}.Release|x86.Build.0 = Release|Any CPU
		{99D79C07-B425-49EC-96F2-9293437211E8}.Debug|Any CPU.ActiveCfg = Debug|Any CPU
		{99D79C07-B425-49EC-96F2-9293437211E8}.Debug|Any CPU.Build.0 = Debug|Any CPU
		{99D79C07-B425-49EC-96F2-9293437211E8}.Debug|x64.ActiveCfg = Debug|Any CPU
		{99D79C07-B425-49EC-96F2-9293437211E8}.Debug|x64.Build.0 = Debug|Any CPU
		{99D79C07-B425-49EC-96F2-9293437211E8}.Debug|x86.ActiveCfg = Debug|Any CPU
		{99D79C07-B425-49EC-96F2-9293437211E8}.Debug|x86.Build.0 = Debug|Any CPU
		{99D79C07-B425-49EC-96F2-9293437211E8}.Release|Any CPU.ActiveCfg = Release|Any CPU
		{99D79C07-B425-49EC-96F2-9293437211E8}.Release|Any CPU.Build.0 = Release|Any CPU
		{99D79C07-B425-49EC-96F2-9293437211E8}.Release|x64.ActiveCfg = Release|Any CPU
		{99D79C07-B425-49EC-96F2-9293437211E8}.Release|x64.Build.0 = Release|Any CPU
		{99D79C07-B425-49EC-96F2-9293437211E8}.Release|x86.ActiveCfg = Release|Any CPU
		{99D79C07-B425-49EC-96F2-9293437211E8}.Release|x86.Build.0 = Release|Any CPU
		{CDD6B3D3-FF09-4FE9-80A3-63EAD42EAC1D}.Debug|Any CPU.ActiveCfg = Debug|Any CPU
		{CDD6B3D3-FF09-4FE9-80A3-63EAD42EAC1D}.Debug|Any CPU.Build.0 = Debug|Any CPU
		{CDD6B3D3-FF09-4FE9-80A3-63EAD42EAC1D}.Debug|x64.ActiveCfg = Debug|Any CPU
		{CDD6B3D3-FF09-4FE9-80A3-63EAD42EAC1D}.Debug|x64.Build.0 = Debug|Any CPU
		{CDD6B3D3-FF09-4FE9-80A3-63EAD42EAC1D}.Debug|x86.ActiveCfg = Debug|Any CPU
		{CDD6B3D3-FF09-4FE9-80A3-63EAD42EAC1D}.Debug|x86.Build.0 = Debug|Any CPU
		{CDD6B3D3-FF09-4FE9-80A3-63EAD42EAC1D}.Release|Any CPU.ActiveCfg = Release|Any CPU
		{CDD6B3D3-FF09-4FE9-80A3-63EAD42EAC1D}.Release|Any CPU.Build.0 = Release|Any CPU
		{CDD6B3D3-FF09-4FE9-80A3-63EAD42EAC1D}.Release|x64.ActiveCfg = Release|Any CPU
		{CDD6B3D3-FF09-4FE9-80A3-63EAD42EAC1D}.Release|x64.Build.0 = Release|Any CPU
		{CDD6B3D3-FF09-4FE9-80A3-63EAD42EAC1D}.Release|x86.ActiveCfg = Release|Any CPU
		{CDD6B3D3-FF09-4FE9-80A3-63EAD42EAC1D}.Release|x86.Build.0 = Release|Any CPU
		{D183F3A6-E7D2-41B1-8A79-EDB352AA47C2}.Debug|Any CPU.ActiveCfg = Debug|Any CPU
		{D183F3A6-E7D2-41B1-8A79-EDB352AA47C2}.Debug|Any CPU.Build.0 = Debug|Any CPU
		{D183F3A6-E7D2-41B1-8A79-EDB352AA47C2}.Debug|x64.ActiveCfg = Debug|Any CPU
		{D183F3A6-E7D2-41B1-8A79-EDB352AA47C2}.Debug|x64.Build.0 = Debug|Any CPU
		{D183F3A6-E7D2-41B1-8A79-EDB352AA47C2}.Debug|x86.ActiveCfg = Debug|Any CPU
		{D183F3A6-E7D2-41B1-8A79-EDB352AA47C2}.Debug|x86.Build.0 = Debug|Any CPU
		{D183F3A6-E7D2-41B1-8A79-EDB352AA47C2}.Release|Any CPU.ActiveCfg = Release|Any CPU
		{D183F3A6-E7D2-41B1-8A79-EDB352AA47C2}.Release|Any CPU.Build.0 = Release|Any CPU
		{D183F3A6-E7D2-41B1-8A79-EDB352AA47C2}.Release|x64.ActiveCfg = Release|Any CPU
		{D183F3A6-E7D2-41B1-8A79-EDB352AA47C2}.Release|x64.Build.0 = Release|Any CPU
		{D183F3A6-E7D2-41B1-8A79-EDB352AA47C2}.Release|x86.ActiveCfg = Release|Any CPU
		{D183F3A6-E7D2-41B1-8A79-EDB352AA47C2}.Release|x86.Build.0 = Release|Any CPU
		{DB862C96-D844-4BA3-8B70-95EADE080264}.Debug|Any CPU.ActiveCfg = Debug|Any CPU
		{DB862C96-D844-4BA3-8B70-95EADE080264}.Debug|Any CPU.Build.0 = Debug|Any CPU
		{DB862C96-D844-4BA3-8B70-95EADE080264}.Debug|x64.ActiveCfg = Debug|Any CPU
		{DB862C96-D844-4BA3-8B70-95EADE080264}.Debug|x64.Build.0 = Debug|Any CPU
		{DB862C96-D844-4BA3-8B70-95EADE080264}.Debug|x86.ActiveCfg = Debug|Any CPU
		{DB862C96-D844-4BA3-8B70-95EADE080264}.Debug|x86.Build.0 = Debug|Any CPU
		{DB862C96-D844-4BA3-8B70-95EADE080264}.Release|Any CPU.ActiveCfg = Release|Any CPU
		{DB862C96-D844-4BA3-8B70-95EADE080264}.Release|Any CPU.Build.0 = Release|Any CPU
		{DB862C96-D844-4BA3-8B70-95EADE080264}.Release|x64.ActiveCfg = Release|Any CPU
		{DB862C96-D844-4BA3-8B70-95EADE080264}.Release|x64.Build.0 = Release|Any CPU
		{DB862C96-D844-4BA3-8B70-95EADE080264}.Release|x86.ActiveCfg = Release|Any CPU
		{DB862C96-D844-4BA3-8B70-95EADE080264}.Release|x86.Build.0 = Release|Any CPU
		{439C3FC7-C9D6-433F-B0D1-96F2DA59A538}.Debug|Any CPU.ActiveCfg = Debug|Any CPU
		{439C3FC7-C9D6-433F-B0D1-96F2DA59A538}.Debug|Any CPU.Build.0 = Debug|Any CPU
		{439C3FC7-C9D6-433F-B0D1-96F2DA59A538}.Debug|x64.ActiveCfg = Debug|Any CPU
		{439C3FC7-C9D6-433F-B0D1-96F2DA59A538}.Debug|x64.Build.0 = Debug|Any CPU
		{439C3FC7-C9D6-433F-B0D1-96F2DA59A538}.Debug|x86.ActiveCfg = Debug|Any CPU
		{439C3FC7-C9D6-433F-B0D1-96F2DA59A538}.Debug|x86.Build.0 = Debug|Any CPU
		{439C3FC7-C9D6-433F-B0D1-96F2DA59A538}.Release|Any CPU.ActiveCfg = Release|Any CPU
		{439C3FC7-C9D6-433F-B0D1-96F2DA59A538}.Release|Any CPU.Build.0 = Release|Any CPU
		{439C3FC7-C9D6-433F-B0D1-96F2DA59A538}.Release|x64.ActiveCfg = Release|Any CPU
		{439C3FC7-C9D6-433F-B0D1-96F2DA59A538}.Release|x64.Build.0 = Release|Any CPU
		{439C3FC7-C9D6-433F-B0D1-96F2DA59A538}.Release|x86.ActiveCfg = Release|Any CPU
		{439C3FC7-C9D6-433F-B0D1-96F2DA59A538}.Release|x86.Build.0 = Release|Any CPU
		{59ADE47E-9906-4EB0-B902-72C746E36ED5}.Debug|Any CPU.ActiveCfg = Debug|Any CPU
		{59ADE47E-9906-4EB0-B902-72C746E36ED5}.Debug|Any CPU.Build.0 = Debug|Any CPU
		{59ADE47E-9906-4EB0-B902-72C746E36ED5}.Debug|x64.ActiveCfg = Debug|Any CPU
		{59ADE47E-9906-4EB0-B902-72C746E36ED5}.Debug|x64.Build.0 = Debug|Any CPU
		{59ADE47E-9906-4EB0-B902-72C746E36ED5}.Debug|x86.ActiveCfg = Debug|Any CPU
		{59ADE47E-9906-4EB0-B902-72C746E36ED5}.Debug|x86.Build.0 = Debug|Any CPU
		{59ADE47E-9906-4EB0-B902-72C746E36ED5}.Release|Any CPU.ActiveCfg = Release|Any CPU
		{59ADE47E-9906-4EB0-B902-72C746E36ED5}.Release|Any CPU.Build.0 = Release|Any CPU
		{59ADE47E-9906-4EB0-B902-72C746E36ED5}.Release|x64.ActiveCfg = Release|Any CPU
		{59ADE47E-9906-4EB0-B902-72C746E36ED5}.Release|x64.Build.0 = Release|Any CPU
		{59ADE47E-9906-4EB0-B902-72C746E36ED5}.Release|x86.ActiveCfg = Release|Any CPU
		{59ADE47E-9906-4EB0-B902-72C746E36ED5}.Release|x86.Build.0 = Release|Any CPU
		{A480EF93-AFE3-4BEC-BD56-278FBAD7DAEB}.Debug|Any CPU.ActiveCfg = Debug|Any CPU
		{A480EF93-AFE3-4BEC-BD56-278FBAD7DAEB}.Debug|Any CPU.Build.0 = Debug|Any CPU
		{A480EF93-AFE3-4BEC-BD56-278FBAD7DAEB}.Debug|x64.ActiveCfg = Debug|Any CPU
		{A480EF93-AFE3-4BEC-BD56-278FBAD7DAEB}.Debug|x64.Build.0 = Debug|Any CPU
		{A480EF93-AFE3-4BEC-BD56-278FBAD7DAEB}.Debug|x86.ActiveCfg = Debug|Any CPU
		{A480EF93-AFE3-4BEC-BD56-278FBAD7DAEB}.Debug|x86.Build.0 = Debug|Any CPU
		{A480EF93-AFE3-4BEC-BD56-278FBAD7DAEB}.Release|Any CPU.ActiveCfg = Release|Any CPU
		{A480EF93-AFE3-4BEC-BD56-278FBAD7DAEB}.Release|Any CPU.Build.0 = Release|Any CPU
		{A480EF93-AFE3-4BEC-BD56-278FBAD7DAEB}.Release|x64.ActiveCfg = Release|Any CPU
		{A480EF93-AFE3-4BEC-BD56-278FBAD7DAEB}.Release|x64.Build.0 = Release|Any CPU
		{A480EF93-AFE3-4BEC-BD56-278FBAD7DAEB}.Release|x86.ActiveCfg = Release|Any CPU
		{A480EF93-AFE3-4BEC-BD56-278FBAD7DAEB}.Release|x86.Build.0 = Release|Any CPU
	EndGlobalSection
	GlobalSection(SolutionProperties) = preSolution
		HideSolutionNode = FALSE
	EndGlobalSection
	GlobalSection(NestedProjects) = preSolution
		{2820970D-483C-4F57-9549-72FC568C967E} = {827E0CD3-B72D-47B6-A68D-7590B98EB39B}
		{4B502346-5677-40BF-9BDD-48298C80BDFF} = {827E0CD3-B72D-47B6-A68D-7590B98EB39B}
		{33C8F298-0FE1-4709-9F4B-2C7773C48E46} = {827E0CD3-B72D-47B6-A68D-7590B98EB39B}
		{99D79C07-B425-49EC-96F2-9293437211E8} = {827E0CD3-B72D-47B6-A68D-7590B98EB39B}
		{CDD6B3D3-FF09-4FE9-80A3-63EAD42EAC1D} = {827E0CD3-B72D-47B6-A68D-7590B98EB39B}
		{D183F3A6-E7D2-41B1-8A79-EDB352AA47C2} = {827E0CD3-B72D-47B6-A68D-7590B98EB39B}
		{DB862C96-D844-4BA3-8B70-95EADE080264} = {827E0CD3-B72D-47B6-A68D-7590B98EB39B}
		{439C3FC7-C9D6-433F-B0D1-96F2DA59A538} = {0AB3BF05-4346-4AA6-1389-037BE0695223}
		{59ADE47E-9906-4EB0-B902-72C746E36ED5} = {0AB3BF05-4346-4AA6-1389-037BE0695223}
		{A480EF93-AFE3-4BEC-BD56-278FBAD7DAEB} = {0AB3BF05-4346-4AA6-1389-037BE0695223}
	EndGlobalSection
EndGlobal
