{
  "version": 1,
  "dependencies": {
    "net10.0": {
      "Makaretu.Dns.Multicast": {
        "type": "Direct",
        "requested": "[0.27.0, )",
        "resolved": "0.27.0",
        "contentHash": "MTMq3vca9yw8sMW0knox/lZcAkDghmH6FVLTRInJZWbuYE99QI/9k9EujsXusWQ8oDySXb/gX92bfZipKehQgw==",
        "dependencies": {
          "Common.Logging": "3.4.1",
          "IPNetwork2": "2.1.2",
          "Makaretu.Dns": "2.0.1",
          "Tmds.LibC": "0.2.0"
        }
      },
      "Microsoft.EntityFrameworkCore.Design": {
        "type": "Direct",
        "requested": "[10.0.9, )",
        "resolved": "10.0.9",
        "contentHash": "NxgqhpB89S6BViMku9B476KopBumtk0IQ4/iVn2GeeUBW9SyzLvWwOR0zPgcooAtRlR0UVzXkaUs71gYHSAbHg==",
        "dependencies": {
          "Humanizer.Core": "2.14.1",
          "Microsoft.Build.Framework": "18.0.2",
          "Microsoft.CodeAnalysis.CSharp": "5.0.0",
          "Microsoft.CodeAnalysis.CSharp.Workspaces": "5.0.0",
          "Microsoft.CodeAnalysis.Workspaces.MSBuild": "5.0.0",
          "Microsoft.EntityFrameworkCore.Relational": "10.0.9",
          "Microsoft.Extensions.DependencyModel": "10.0.9",
          "Mono.TextTemplating": "3.0.0",
          "Newtonsoft.Json": "13.0.3"
        }
      },
      "Microsoft.EntityFrameworkCore.Sqlite": {
        "type": "Direct",
        "requested": "[10.0.9, )",
        "resolved": "10.0.9",
        "contentHash": "HH9/nnRF/YmRrc3hUlgXjMBYKH5kFmd5UWC81l9U0ySQhwHTcgvDPSewB8DyQHzFJzNGgG7VFK6ynC6+XQz9WA==",
        "dependencies": {
          "Microsoft.EntityFrameworkCore.Sqlite.Core": "10.0.9",
          "Microsoft.Extensions.DependencyModel": "10.0.9",
          "SQLitePCLRaw.bundle_e_sqlite3": "2.1.11",
          "SQLitePCLRaw.core": "2.1.11"
        }
      },
      "PdfPig": {
        "type": "Direct",
        "requested": "[0.1.9, )",
        "resolved": "0.1.9",
        "contentHash": "VU27oq5O0rpD+zWiD639xXkSHtsNXqbPpYV0pzYg9VPhDibH1cq1i67f9DuW2WnzDVEti0HipLcZxDhdayIzGg=="
      },
      "PDFsharp": {
        "type": "Direct",
        "requested": "[6.1.1, )",
        "resolved": "6.1.1",
        "contentHash": "wxBLG2f713s2Fp2rYxTCReNOcXT/4YX4h4TJW6y75xAEq2iaEjLDjZRgtXW1/IgadzyluIVmw4RqHz1rL4BYKg=="
      },
      "PDFtoImage": {
        "type": "Direct",
        "requested": "[5.2.1, )",
        "resolved": "5.2.1",
        "contentHash": "tqCcLRuEc517UJeKy+gHmhjtLcvpE9/UXWgDtU8t4GR+2NQx0SimBDVKkFxGsLlMUHEHuy58dlyfXlo5Sf1jjw==",
        "dependencies": {
          "SkiaSharp": "3.119.2",
          "SkiaSharp.NativeAssets.Linux.NoDependencies": "3.119.2",
          "SkiaSharp.NativeAssets.Win32": "3.119.2",
          "SkiaSharp.NativeAssets.macOS": "3.119.2",
          "bblanchon.PDFium.Linux": "147.0.7690",
          "bblanchon.PDFium.Win32": "147.0.7690",
          "bblanchon.PDFium.macOS": "147.0.7690"
        }
      },
      "SkiaSharp": {
        "type": "Direct",
        "requested": "[3.119.2, )",
        "resolved": "3.119.2",
        "contentHash": "nmy2dOFWPvQKMglfpjz8+/xQQcSrL9jzul3cUyzCJVSwrmSAw+6B1sEgU7jt6NZBptwGq2k/V0kjyu2GizMFtg==",
        "dependencies": {
          "SkiaSharp.NativeAssets.Win32": "3.119.2",
          "SkiaSharp.NativeAssets.macOS": "3.119.2"
        }
      },
      "SkiaSharp.NativeAssets.macOS": {
        "type": "Direct",
        "requested": "[3.119.2, )",
        "resolved": "3.119.2",
        "contentHash": "I2jMGQ/26KOnc6iAoR+Mxh9vSJJ2vioJyj9aJ9OL5yEZyXothXJxf4vBMqnSaiXMqiiU1scG7KqtT0CLkmMmWA=="
      },
      "SkiaSharp.NativeAssets.Win32": {
        "type": "Direct",
        "requested": "[3.119.2, )",
        "resolved": "3.119.2",
        "contentHash": "uYe+da6+GXVgPKkCopzvIZ83DmC8SXXKeUAPrNcztJNsg0SjPQAxfKMOPZqmVjbzznrq/QUIjLUlJSZV/e0IPA=="
      },
      "SQLitePCLRaw.bundle_e_sqlite3": {
        "type": "Direct",
        "requested": "[3.0.3, )",
        "resolved": "3.0.3",
        "contentHash": "Zt8jmSL5zcDWGk8rmzhWBJ6IRyLWh1yWS04Pg72+GIvo3Ba4E/rG4Y/4l7AWlSEogEbzyKRTCXUAs1v/O7Pkkg==",
        "dependencies": {
          "SQLitePCLRaw.config.e_sqlite3": "3.0.3",
          "SourceGear.sqlite3": "3.50.4.5"
        }
      },
      "Tesseract": {
        "type": "Direct",
        "requested": "[5.2.0, )",
        "resolved": "5.2.0",
        "contentHash": "YB7feJlrTWSXtK8+WaCcseGSPK/1r2d2FWeKGyndlrPwYClrzTlCoHD4/oQEUjKafmpkWlhTZZ7pxiRJYZgj6w=="
      },
      "Tesseract.Data.English": {
        "type": "Direct",
        "requested": "[4.0.0, )",
        "resolved": "4.0.0",
        "contentHash": "B9jTFpcwPHS5Ky3Bm7jq6zEZM3pnHPttFeVOfd8dEvrr5rh8+nnVpAWe9T4Nf4jQ9QvMAdbTbzLJT0lNnTnP3A=="
      },
      "bblanchon.PDFium.Linux": {
        "type": "Transitive",
        "resolved": "147.0.7690",
        "contentHash": "VnH5sYEI1/gd1t0h3TQMsbGnicdYKfzfDjKBGfRX8MqjSFcWgHdFL1MGvyB7HBvQzZtDWspSn2qY6mehGRSw9g=="
      },
      "bblanchon.PDFium.macOS": {
        "type": "Transitive",
        "resolved": "147.0.7690",
        "contentHash": "P6b05GVUhbcfzO54W3rKTTWX/lac3CzZ+5TZnqMhJMqSJrtTGawCXsw+4GiFfC2imnbU7EPabFARzvtPvNp0sw=="
      },
      "bblanchon.PDFium.Win32": {
        "type": "Transitive",
        "resolved": "147.0.7690",
        "contentHash": "vPUlS9LklHm59lcBc9f6loggGgezogOoMdRYbUfTvum1Ndlr7u7KrAq3ZTuTdPF0ijHjhtfjNafZvyyTbmB4mg=="
      },
      "Common.Logging": {
        "type": "Transitive",
        "resolved": "3.4.1",
        "contentHash": "5eZ/vgEOqzLg4PypZqnJ+wMhhgHyckicbZY4iDxqQ4FtOz0CpdYZ0xQ78aszMzeAJZiLLb5VdR9tPfunVQLz6g==",
        "dependencies": {
          "Common.Logging.Core": "3.4.1"
        }
      },
      "Common.Logging.Core": {
        "type": "Transitive",
        "resolved": "3.4.1",
        "contentHash": "wLHldZHvxsSD6Ahonfj00/SkfHfKqO+YT6jsUwVm8Rch1REL9IArHAcSLXxYxYfu5/4ydGtmXvOtaH3AkVPu0A=="
      },
      "Humanizer.Core": {
        "type": "Transitive",
        "resolved": "2.14.1",
        "contentHash": "lQKvtaTDOXnoVJ20ibTuSIOf2i0uO0MPbDhd1jm238I+U/2ZnRENj0cktKZhtchBMtCUSRQ5v4xBCUbKNmyVMw=="
      },
      "IPNetwork2": {
        "type": "Transitive",
        "resolved": "2.1.2",
        "contentHash": "DZF2SbtyqukkLSzyu0KqcXUBdhDXQ/K3QWM27vlvdPo3W+iI81pgUCNTwyynNyVc5Q9AIn0znFVVhHGbhiofUg==",
        "dependencies": {
          "NETStandard.Library": "1.6.1"
        }
      },
      "Makaretu.Dns": {
        "type": "Transitive",
        "resolved": "2.0.1",
        "contentHash": "qe/5w5Q/i2Xz2ZnCq3E49kLAtVFRuuBn40C1mQPWbLDwlHM0KVDzCkFqwxDedv7JgQis66Z9AZKyo1zCTRrdYA==",
        "dependencies": {
          "SimpleBase": "1.3.1"
        }
      },
      "Microsoft.Build.Framework": {
        "type": "Transitive",
        "resolved": "18.0.2",
        "contentHash": "sOSb+0J4G/jCBW/YqmRuL0eOMXgfw1KQLdC9TkbvfA5xs7uNm+PBQXJCOzSJGXtZcZrtXozcwxPmUiRUbmd7FA=="
      },
      "Microsoft.CodeAnalysis.Analyzers": {
        "type": "Transitive",
        "resolved": "3.11.0",
        "contentHash": "v/EW3UE8/lbEYHoC2Qq7AR/DnmvpgdtAMndfQNmpuIMx/Mto8L5JnuCfdBYtgvalQOtfNCnxFejxuRrryvUTsg=="
      },
      "Microsoft.CodeAnalysis.Common": {
        "type": "Transitive",
        "resolved": "5.0.0",
        "contentHash": "ZXRAdvH6GiDeHRyd3q/km8Z44RoM6FBWHd+gen/la81mVnAdHTEsEkO5J0TCNXBymAcx5UYKt5TvgKBhaLJEow==",
        "dependencies": {
          "Microsoft.CodeAnalysis.Analyzers": "3.11.0"
        }
      },
      "Microsoft.CodeAnalysis.CSharp": {
        "type": "Transitive",
        "resolved": "5.0.0",
        "contentHash": "5DSyJ9bk+ATuDy7fp2Zt0mJStDVKbBoiz1DyfAwSa+k4H4IwykAUcV3URelw5b8/iVbfSaOwkwmPUZH6opZKCw==",
        "dependencies": {
          "Microsoft.CodeAnalysis.Analyzers": "3.11.0",
          "Microsoft.CodeAnalysis.Common": "[5.0.0]"
        }
      },
      "Microsoft.CodeAnalysis.CSharp.Workspaces": {
        "type": "Transitive",
        "resolved": "5.0.0",
        "contentHash": "Al/Q8B+yO8odSqGVpSvrShMFDvlQdIBU//F3E6Rb0YdiLSALE9wh/pvozPNnfmh5HDnvU+mkmSjpz4hQO++jaA==",
        "dependencies": {
          "Humanizer.Core": "2.14.1",
          "Microsoft.CodeAnalysis.Analyzers": "3.11.0",
          "Microsoft.CodeAnalysis.CSharp": "[5.0.0]",
          "Microsoft.CodeAnalysis.Common": "[5.0.0]",
          "Microsoft.CodeAnalysis.Workspaces.Common": "[5.0.0]",
          "System.Composition": "9.0.0"
        }
      },
      "Microsoft.CodeAnalysis.Workspaces.Common": {
        "type": "Transitive",
        "resolved": "5.0.0",
        "contentHash": "ZbUmIvT6lqTNKiv06Jl5wf0MTMi1vQ1oH7ou4CLcs2C/no/L7EhP3T8y3XXvn9VbqMcJaJnEsNA1jwYUMgc5jg==",
        "dependencies": {
          "Humanizer.Core": "2.14.1",
          "Microsoft.CodeAnalysis.Analyzers": "3.11.0",
          "Microsoft.CodeAnalysis.Common": "[5.0.0]",
          "System.Composition": "9.0.0"
        }
      },
      "Microsoft.CodeAnalysis.Workspaces.MSBuild": {
        "type": "Transitive",
        "resolved": "5.0.0",
        "contentHash": "/G+LVoAGMz6Ae8nm+PGLxSw+F5RjYx/J7irbTO5uKAPw1bxHyQJLc/YOnpDxt+EpPtYxvC9wvBsg/kETZp1F9Q==",
        "dependencies": {
          "Humanizer.Core": "2.14.1",
          "Microsoft.Build.Framework": "17.11.31",
          "Microsoft.CodeAnalysis.Analyzers": "3.11.0",
          "Microsoft.CodeAnalysis.Workspaces.Common": "[5.0.0]",
          "Microsoft.VisualStudio.SolutionPersistence": "1.0.52",
          "Newtonsoft.Json": "13.0.3",
          "System.Composition": "9.0.0"
        }
      },
      "Microsoft.Data.Sqlite.Core": {
        "type": "Transitive",
        "resolved": "10.0.9",
        "contentHash": "iZrONyMKPjxfVZnUktqO30QjzNwAGH+AxM61s8lKQnVhgbQ3bn0hiXI129ZmVicEbIcwljyy2OVsIYUR51ZHKQ==",
        "dependencies": {
          "SQLitePCLRaw.core": "2.1.11"
        }
      },
      "Microsoft.EntityFrameworkCore": {
        "type": "Transitive",
        "resolved": "10.0.9",
        "contentHash": "tu85SRzOT021V7EQlViCiAE7TqldVn469Y6lt5TEn/+XC4/MeNCHgMRSxqYuWqvF4zAQZUhCmtNEZuM3ss4LeA==",
        "dependencies": {
          "Microsoft.EntityFrameworkCore.Abstractions": "10.0.9",
          "Microsoft.EntityFrameworkCore.Analyzers": "10.0.9"
        }
      },
      "Microsoft.EntityFrameworkCore.Abstractions": {
        "type": "Transitive",
        "resolved": "10.0.9",
        "contentHash": "GRMaiPkqYna/gCsyDffYDWmefGPC3hDrdMw+2rrGcQwhs6uZOsaMQXMJnoXQ35tx9SkBV2ieRRU9N/jLOO6BZw=="
      },
      "Microsoft.EntityFrameworkCore.Analyzers": {
        "type": "Transitive",
        "resolved": "10.0.9",
        "contentHash": "aiEFB+C5EsZGqxvMPazE07hbWsp4iPaufJpanGt5O+lrwv7mJLrqma5haVIgFAPCyhQkmk75XSCEubT1zUjxtA=="
      },
      "Microsoft.EntityFrameworkCore.Relational": {
        "type": "Transitive",
        "resolved": "10.0.9",
        "contentHash": "dEoyYKgiaZHHgOFm1WMWm1sFEsEuhPWufX4L9PekKtqd/RaIcPjkCjvbrVvJtApErb5wPSJhYvnTlxhH+p9h2g==",
        "dependencies": {
          "Microsoft.EntityFrameworkCore": "10.0.9"
        }
      },
      "Microsoft.EntityFrameworkCore.Sqlite.Core": {
        "type": "Transitive",
        "resolved": "10.0.9",
        "contentHash": "3bPEmACAaPJJSw+m5XwTSi3yZnVtaifa4d8gLsNMzW0Qu28jS5kADSfgJRBlq49RJ1K098VCzEDRJwM8gE6f2w==",
        "dependencies": {
          "Microsoft.Data.Sqlite.Core": "10.0.9",
          "Microsoft.EntityFrameworkCore.Relational": "10.0.9",
          "Microsoft.Extensions.DependencyModel": "10.0.9",
          "SQLitePCLRaw.core": "2.1.11"
        }
      },
      "Microsoft.Extensions.DependencyModel": {
        "type": "Transitive",
        "resolved": "10.0.9",
        "contentHash": "SCDTQ6HubnRvTUjR7dgMKHZvNoCb03t44ttHL8trlFTGgfDteWn/0nRdOxDhcI+lTWhKgd/flCVJEtAOPhSLNg=="
      },
      "Microsoft.NETCore.Platforms": {
        "type": "Transitive",
        "resolved": "1.1.0",
        "contentHash": "kz0PEW2lhqygehI/d6XsPCQzD7ff7gUJaVGPVETX611eadGsA3A877GdSlU0LRVMCTH/+P3o2iDTak+S08V2+A=="
      },
      "Microsoft.VisualStudio.SolutionPersistence": {
        "type": "Transitive",
        "resolved": "1.0.52",
        "contentHash": "oNv2JtYXhpdJrX63nibx1JT3uCESOBQ1LAk7Dtz/sr0+laW0KRM6eKp4CZ3MHDR2siIkKsY8MmUkeP5DKkQQ5w=="
      },
      "Mono.TextTemplating": {
        "type": "Transitive",
        "resolved": "3.0.0",
        "contentHash": "YqueG52R/Xej4VVbKuRIodjiAhV0HR/XVbLbNrJhCZnzjnSjgMJ/dCdV0akQQxavX6hp/LC6rqLGLcXeQYU7XA==",
        "dependencies": {
          "System.CodeDom": "6.0.0"
        }
      },
      "NETStandard.Library": {
        "type": "Transitive",
        "resolved": "1.6.1",
        "contentHash": "WcSp3+vP+yHNgS8EV5J7pZ9IRpeDuARBPN28by8zqff1wJQXm26PVU8L3/fYLBJVU7BtDyqNVWq2KlCVvSSR4A==",
        "dependencies": {
          "Microsoft.NETCore.Platforms": "1.1.0"
        }
      },
      "Newtonsoft.Json": {
        "type": "Transitive",
        "resolved": "13.0.3",
        "contentHash": "HrC5BXdl00IP9zeV+0Z848QWPAoCr9P3bDEZguI+gkLcBKAOxix/tLEAAHC+UvDNPv4a2d18lOReHMOagPa+zQ=="
      },
      "SimpleBase": {
        "type": "Transitive",
        "resolved": "1.3.1",
        "contentHash": "TqqQc+WFg3s10/PdnI2Dio0U7xEmVXhkf+ey4tOGZzjyd054rnNOLNVahJhMYmfBQdS7/jkVqC8xzLm/bkR3EA=="
      },
      "SkiaSharp.NativeAssets.Linux.NoDependencies": {
        "type": "Transitive",
        "resolved": "3.119.2",
        "contentHash": "1rmveKZ8Cz7k4QJQdtKV6RFXYIEqYBiX450Bm0Bk41EE50MMPUyF81cRnASsuV0qCwdZuzjZTaFvoqS0Q2zVfA=="
      },
      "SourceGear.sqlite3": {
        "type": "Transitive",
        "resolved": "3.50.4.5",
        "contentHash": "UtnipXhJYZKQOQIfpws/msLK7IRhMplE1CZCaZLIQXRnGD474QVpO/J9nMlQQY8NZueGz1aidjoxDRnrC1NT3Q=="
      },
      "SQLitePCLRaw.config.e_sqlite3": {
        "type": "Transitive",
        "resolved": "3.0.3",
        "contentHash": "caP/ap0X2fyVmstCXu5ueOmcr2XWAxA2XyKghV7H4bOAFmq3nWcsGl9q44iY1HYG+i8Qr4G9XEqdfti0rV6/ZQ==",
        "dependencies": {
          "SQLitePCLRaw.provider.e_sqlite3": "3.0.3"
        }
      },
      "SQLitePCLRaw.core": {
        "type": "Transitive",
        "resolved": "3.0.3",
        "contentHash": "bjm6FY4lZyP+t7GmiuvSM0QXpFihAvyE0Y9O2yibm3g95AAWJPNnHOKVNJGyPTGIKuK7Pr4Wh8Rd8/aOtAclQw=="
      },
      "SQLitePCLRaw.provider.e_sqlite3": {
        "type": "Transitive",
        "resolved": "3.0.3",
        "contentHash": "wd+fGvZTrr3BJNe48opSczmC176Okd61ZgoZNQcdvZwkek6to978ccdpcFmNo5GHxCnk29KwT+f+lAZYgfLVZg==",
        "dependencies": {
          "SQLitePCLRaw.core": "3.0.3"
        }
      },
      "System.CodeDom": {
        "type": "Transitive",
        "resolved": "6.0.0",
        "contentHash": "CPc6tWO1LAer3IzfZufDBRL+UZQcj5uS207NHALQzP84Vp/z6wF0Aa0YZImOQY8iStY0A2zI/e3ihKNPfUm8XA=="
      },
      "System.Composition": {
        "type": "Transitive",
        "resolved": "9.0.0",
        "contentHash": "3Djj70fFTraOarSKmRnmRy/zm4YurICm+kiCtI0dYRqGJnLX6nJ+G3WYuFJ173cAPax/gh96REcbNiVqcrypFQ==",
        "dependencies": {
          "System.Composition.AttributedModel": "9.0.0",
          "System.Composition.Convention": "9.0.0",
          "System.Composition.Hosting": "9.0.0",
          "System.Composition.Runtime": "9.0.0",
          "System.Composition.TypedParts": "9.0.0"
        }
      },
      "System.Composition.AttributedModel": {
        "type": "Transitive",
        "resolved": "9.0.0",
        "contentHash": "iri00l/zIX9g4lHMY+Nz0qV1n40+jFYAmgsaiNn16xvt2RDwlqByNG4wgblagnDYxm3YSQQ0jLlC/7Xlk9CzyA=="
      },
      "System.Composition.Convention": {
        "type": "Transitive",
        "resolved": "9.0.0",
        "contentHash": "+vuqVP6xpi582XIjJi6OCsIxuoTZfR0M7WWufk3uGDeCl3wGW6KnpylUJ3iiXdPByPE0vR5TjJgR6hDLez4FQg==",
        "dependencies": {
          "System.Composition.AttributedModel": "9.0.0"
        }
      },
      "System.Composition.Hosting": {
        "type": "Transitive",
        "resolved": "9.0.0",
        "contentHash": "OFqSeFeJYr7kHxDfaViGM1ymk7d4JxK//VSoNF9Ux0gpqkLsauDZpu89kTHHNdCWfSljbFcvAafGyBoY094btQ==",
        "dependencies": {
          "System.Composition.Runtime": "9.0.0"
        }
      },
      "System.Composition.Runtime": {
        "type": "Transitive",
        "resolved": "9.0.0",
        "contentHash": "w1HOlQY1zsOWYussjFGZCEYF2UZXgvoYnS94NIu2CBnAGMbXFAX8PY8c92KwUItPmowal68jnVLBCzdrWLeEKA=="
      },
      "System.Composition.TypedParts": {
        "type": "Transitive",
        "resolved": "9.0.0",
        "contentHash": "aRZlojCCGEHDKqh43jaDgaVpYETsgd7Nx4g1zwLKMtv4iTo0627715ajEFNpEEBTgLmvZuv8K0EVxc3sM4NWJA==",
        "dependencies": {
          "System.Composition.AttributedModel": "9.0.0",
          "System.Composition.Hosting": "9.0.0",
          "System.Composition.Runtime": "9.0.0"
        }
      },
      "Tmds.LibC": {
        "type": "Transitive",
        "resolved": "0.2.0",
        "contentHash": "+RvLuNHOLW7cxzgDe9yHLoayBgjsuH2/gJtJnuVMxweKrxxYT6TwQNAmt06SFWpjwk68aRcwwD4FfMMA6tZvVA=="
      },
      "ogmalibrary.application": {
        "type": "Project",
        "dependencies": {
          "OgmaLibrary.Domain": "[1.0.0, )"
        }
      },
      "ogmalibrary.domain": {
        "type": "Project"
      }
    }
  }
}